
Microsoft Visual Studio Solution File, Format Version 12.00
# Visual Studio Version 17
VisualStudioVersion = 17.2.32616.157
MinimumVisualStudioVersion = 10.0.40219.1
Project("{FAE04EC0-301F-11D3-BF4B-00C04F79EFBC}") = "Grad Application Portal", "Grad Application Portal\Grad Application Portal.csproj", "{AE5BA4AD-2A59-4E48-A8D8-76F24F4854F5}"
EndProject
Global
	GlobalSection(SolutionConfigurationPlatforms) = preSolution
		Debug|Any CPU = Debug|Any CPU
		Release|Any CPU = Release|Any CPU
	EndGlobalSection
	GlobalSection(ProjectConfigurationPlatforms) = postSolution
		{AE5BA4AD-2A59-4E48-A8D8-76F24F4854F5}.Debug|Any CPU.ActiveCfg = Debug|Any CPU
		{AE5BA4AD-2A59-4E48-A8D8-76F24F4854F5}.Debug|Any CPU.Build.0 = Debug|Any CPU
		{AE5BA4AD-2A59-4E48-A8D8-76F24F4854F5}.Release|Any CPU.ActiveCfg = Release|Any CPU
		{AE5BA4AD-2A59-4E48-A8D8-76F24F4854F5}.Release|Any CPU.Build.0 = Release|Any CPU
	EndGlobalSection
	GlobalSection(SolutionProperties) = preSolution
		HideSolutionNode = FALSE
	EndGlobalSection
	GlobalSection(ExtensibilityGlobals) = postSolution
		SolutionGuid = {685F176A-0662-43D9-94EB-25B8EE998B63}
	EndGlobalSection
EndGlobal
